// !$*UTF8*$!
{
	archiveVersion = 1;
	classes = {
	};
	objectVersion = 46;
	objects = {

/* Begin PBXBuildFile section */
		629669A41BD7F21D00CF89FB /* AppDelegate.swift in Sources */ = {isa = PBXBuildFile; fileRef = 629669A31BD7F21D00CF89FB /* AppDelegate.swift */; };
		629669A61BD7F21D00CF89FB /* ViewController.swift in Sources */ = {isa = PBXBuildFile; fileRef = 629669A51BD7F21D00CF89FB /* ViewController.swift */; };
		629669A91BD7F21D00CF89FB /* Main.storyboard in Resources */ = {isa = PBXBuildFile; fileRef = 629669A71BD7F21D00CF89FB /* Main.storyboard */; };
		629669AB1BD7F21E00CF89FB /* Assets.xcassets in Resources */ = {isa = PBXBuildFile; fileRef = 629669AA1BD7F21E00CF89FB /* Assets.xcassets */; };
		629669AE1BD7F21E00CF89FB /* LaunchScreen.storyboard in Resources */ = {isa = PBXBuildFile; fileRef = 629669AC1BD7F21E00CF89FB /* LaunchScreen.storyboard */; };
		629669B61BD7F30300CF89FB /* StorybaordUIScrollViewController.swift in Sources */ = {isa = PBXBuildFile; fileRef = 629669B51BD7F30300CF89FB /* StorybaordUIScrollViewController.swift */; settings = {ASSET_TAGS = (); }; };
		629669B81BD7F30E00CF89FB /* CodeUIScrollViewController.swift in Sources */ = {isa = PBXBuildFile; fileRef = 629669B71BD7F30E00CF89FB /* CodeUIScrollViewController.swift */; settings = {ASSET_TAGS = (); }; };
/* End PBXBuildFile section */

/* Begin PBXFileReference section */
		629669A01BD7F21D00CF89FB /* UIScrollViewAutoLayoutDemo.app */ = {isa = PBXFileReference; explicitFileType = wrapper.application; includeInIndex = 0; path = UIScrollViewAutoLayoutDemo.app; sourceTree = BUILT_PRODUCTS_DIR; };
		629669A31BD7F21D00CF89FB /* AppDelegate.swift */ = {isa = PBXFileReference; lastKnownFileType = sourcecode.swift; path = AppDelegate.swift; sourceTree = "<group>"; };
		629669A51BD7F21D00CF89FB /* ViewController.swift */ = {isa = PBXFileReference; lastKnownFileType = sourcecode.swift; path = ViewController.swift; sourceTree = "<group>"; };
		629669A81BD7F21D00CF89FB /* Base */ = {isa = PBXFileReference; lastKnownFileType = file.storyboard; name = Base; path = Base.lproj/Main.storyboard; sourceTree = "<group>"; };
		629669AA1BD7F21E00CF89FB /* Assets.xcassets */ = {isa = PBXFileReference; lastKnownFileType = folder.assetcatalog; path = Assets.xcassets; sourceTree = "<group>"; };
		629669AD1BD7F21E00CF89FB /* Base */ = {isa = PBXFileReference; lastKnownFileType = file.storyboard; name = Base; path = Base.lproj/LaunchScreen.storyboard; sourceTree = "<group>"; };
		629669AF1BD7F21E00CF89FB /* Info.plist */ = {isa = PBXFileReference; lastKnownFileType = text.plist.xml; path = Info.plist; sourceTree = "<group>"; };
		629669B51BD7F30300CF89FB /* StorybaordUIScrollViewController.swift */ = {isa = PBXFileReference; fileEncoding = 4; lastKnownFileType = sourcecode.swift; path = StorybaordUIScrollViewController.swift; sourceTree = "<group>"; };
		629669B71BD7F30E00CF89FB /* CodeUIScrollViewController.swift */ = {isa = PBXFileReference; fileEncoding = 4; lastKnownFileType = sourcecode.swift; path = CodeUIScrollViewController.swift; sourceTree = "<group>"; };
/* End PBXFileReference section */

/* Begin PBXFrameworksBuildPhase section */
		6296699D1BD7F21D00CF89FB /* Frameworks */ = {
			isa = PBXFrameworksBuildPhase;
			buildActionMask = 2147483647;
			files = (
			);
			runOnlyForDeploymentPostprocessing = 0;
		};
/* End PBXFrameworksBuildPhase section */

/* Begin PBXGroup section */
		629669971BD7F21D00CF89FB = {
			isa = PBXGroup;
			children = (
				629669A21BD7F21D00CF89FB /* UIScrollViewAutoLayoutDemo */,
				629669A11BD7F21D00CF89FB /* Products */,
			);
			sourceTree = "<group>";
		};
		629669A11BD7F21D00CF89FB /* Products */ = {
			isa = PBXGroup;
			children = (
				629669A01BD7F21D00CF89FB /* UIScrollViewAutoLayoutDemo.app */,
			);
			name = Products;
			sourceTree = "<group>";
		};
		629669A21BD7F21D00CF89FB /* UIScrollViewAutoLayoutDemo */ = {
			isa = PBXGroup;
			children = (
				629669A31BD7F21D00CF89FB /* AppDelegate.swift */,
				629669A51BD7F21D00CF89FB /* ViewController.swift */,
				629669B51BD7F30300CF89FB /* StorybaordUIScrollViewController.swift */,
				629669B71BD7F30E00CF89FB /* CodeUIScrollViewController.swift */,
				629669A71BD7F21D00CF89FB /* Main.storyboard */,
				629669AA1BD7F21E00CF89FB /* Assets.xcassets */,
				629669AC1BD7F21E00CF89FB /* LaunchScreen.storyboard */,
				629669AF1BD7F21E00CF89FB /* Info.plist */,
			);
			path = UIScrollViewAutoLayoutDemo;
			sourceTree = "<group>";
		};
/* End PBXGroup section */

/* Begin PBXNativeTarget section */
		6296699F1BD7F21D00CF89FB /* UIScrollViewAutoLayoutDemo */ = {
			isa = PBXNativeTarget;
			buildConfigurationList = 629669B21BD7F21E00CF89FB /* Build configuration list for PBXNativeTarget "UIScrollViewAutoLayoutDemo" */;
			buildPhases = (
				6296699C1BD7F21D00CF89FB /* Sources */,
				6296699D1BD7F21D00CF89FB /* Frameworks */,
				6296699E1BD7F21D00CF89FB /* Resources */,
			);
			buildRules = (
			);
			dependencies = (
			);
			name = UIScrollViewAutoLayoutDemo;
			productName = UIScrollViewAutoLayoutDemo;
			productReference = 629669A01BD7F21D00CF89FB /* UIScrollViewAutoLayoutDemo.app */;
			productType = "com.apple.product-type.application";
		};
/* End PBXNativeTarget section */

/* Begin PBXProject section */
		629669981BD7F21D00CF89FB /* Project object */ = {
			isa = PBXProject;
			attributes = {
				LastUpgradeCheck = 0700;
				ORGANIZATIONNAME = Kingiol;
				TargetAttributes = {
					6296699F1BD7F21D00CF89FB = {
						CreatedOnToolsVersion = 7.0.1;
					};
				};
			};
			buildConfigurationList = 6296699B1BD7F21D00CF89FB /* Build configuration list for PBXProject "UIScrollViewAutoLayoutDemo" */;
			compatibilityVersion = "Xcode 3.2";
			developmentRegion = English;
			hasScannedForEncodings = 0;
			knownRegions = (
				en,
				Base,
			);
			mainGroup = 629669971BD7F21D00CF89FB;
			productRefGroup = 629669A11BD7F21D00CF89FB /* Products */;
			projectDirPath = "";
			projectRoot = "";
			targets = (
				6296699F1BD7F21D00CF89FB /* UIScrollViewAutoLayoutDemo */,
			);
		};
/* End PBXProject section */

/* Begin PBXResourcesBuildPhase section */
		6296699E1BD7F21D00CF89FB /* Resources */ = {
			isa = PBXResourcesBuildPhase;
			buildActionMask = 2147483647;
			files = (
				629669AE1BD7F21E00CF89FB /* LaunchScreen.storyboard in Resources */,
				629669AB1BD7F21E00CF89FB /* Assets.xcassets in Resources */,
				629669A91BD7F21D00CF89FB /* Main.storyboard in Resources */,
			);
			runOnlyForDeploymentPostprocessing = 0;
		};
/* End PBXResourcesBuildPhase section */

/* Begin PBXSourcesBuildPhase section */
		6296699C1BD7F21D00CF89FB /* Sources */ = {
			isa = PBXSourcesBuildPhase;
			buildActionMask = 2147483647;
			files = (
				629669B81BD7F30E00CF89FB /* CodeUIScrollViewController.swift in Sources */,
				629669A61BD7F21D00CF89FB /* ViewController.swift in Sources */,
				629669B61BD7F30300CF89FB /* StorybaordUIScrollViewController.swift in Sources */,
				629669A41BD7F21D00CF89FB /* AppDelegate.swift in Sources */,
			);
			runOnlyForDeploymentPostprocessing = 0;
		};
/* End PBXSourcesBuildPhase section */

/* Begin PBXVariantGroup section */
		629669A71BD7F21D00CF89FB /* Main.storyboard */ = {
			isa = PBXVariantGroup;
			children = (
				629669A81BD7F21D00CF89FB /* Base */,
			);
			name = Main.storyboard;
			sourceTree = "<group>";
		};
		629669AC1BD7F21E00CF89FB /* LaunchScreen.storyboard */ = {
			isa = PBXVariantGroup;
			children = (
				629669AD1BD7F21E00CF89FB /* Base */,
			);
			name = LaunchScreen.storyboard;
			sourceTree = "<group>";
		};
/* End PBXVariantGroup section */

/* Begin XCBuildConfiguration section */
		629669B01BD7F21E00CF89FB /* Debug */ = {
			isa = XCBuildConfiguration;
			buildSettings = {
				ALWAYS_SEARCH_USER_PATHS = NO;
				CLANG_CXX_LANGUAGE_STANDARD = "gnu++0x";
				CLANG_CXX_LIBRARY = "libc++";
				CLANG_ENABLE_MODULES = YES;
				CLANG_ENABLE_OBJC_ARC = YES;
				CLANG_WARN_BOOL_CONVERSION = YES;
				CLANG_WARN_CONSTANT_CONVERSION = YES;
				CLANG_WARN_DIRECT_OBJC_ISA_USAGE = YES_ERROR;
				CLANG_WARN_EMPTY_BODY = YES;
				CLANG_WARN_ENUM_CONVERSION = YES;
				CLANG_WARN_INT_CONVERSION = YES;
				CLANG_WARN_OBJC_ROOT_CLASS = YES_ERROR;
				CLANG_WARN_UNREACHABLE_CODE = YES;
				CLANG_WARN__DUPLICATE_METHOD_MATCH = YES;
				"CODE_SIGN_IDENTITY[sdk=iphoneos*]" = "iPhone Developer";
				COPY_PHASE_STRIP = NO;
				DEBUG_INFORMATION_FORMAT = dwarf;
				ENABLE_STRICT_OBJC_MSGSEND = YES;
				ENABLE_TESTABILITY = YES;
				GCC_C_LANGUAGE_STANDARD = gnu99;
				GCC_DYNAMIC_NO_PIC = NO;
				GCC_NO_COMMON_BLOCKS = YES;
				GCC_OPTIMIZATION_LEVEL = 0;
				GCC_PREPROCESSOR_DEFINITIONS = (
					"DEBUG=1",
					"$(inherited)",
				);
				GCC_WARN_64_TO_32_BIT_CONVERSION = YES;
				GCC_WARN_ABOUT_RETURN_TYPE = YES_ERROR;
				GCC_WARN_UNDECLARED_SELECTOR = YES;
				GCC_WARN_UNINITIALIZED_AUTOS = YES_AGGRESSIVE;
				GCC_WARN_UNUSED_FUNCTION = YES;
				GCC_WARN_UNUSED_VARIABLE = YES;
				IPHONEOS_DEPLOYMENT_TARGET = 9.0;
				MTL_ENABLE_DEBUG_INFO = YES;
				ONLY_ACTIVE_ARCH = YES;
				SDKROOT = iphoneos;
				SWIFT_OPTIMIZATION_LEVEL = "-Onone";
				TARGETED_DEVICE_FAMILY = "1,2";
			};
			name = Debug;
		};
		629669B11BD7F21E00CF89FB /* Release */ = {
			isa = XCBuildConfiguration;
			buildSettings = {
				ALWAYS_SEARCH_USER_PATHS = NO;
				CLANG_CXX_LANGUAGE_STANDARD = "gnu++0x";
				CLANG_CXX_LIBRARY = "libc++";
				CLANG_ENABLE_MODULES = YES;
				CLANG_ENABLE_OBJC_ARC = YES;
				CLANG_WARN_BOOL_CONVERSION = YES;
				CLANG_WARN_CONSTANT_CONVERSION = YES;
				CLANG_WARN_DIRECT_OBJC_ISA_USAGE = YES_ERROR;
				CLANG_WARN_EMPTY_BODY = YES;
				CLANG_WARN_ENUM_CONVERSION = YES;
				CLANG_WARN_INT_CONVERSION = YES;
				CLANG_WARN_OBJC_ROOT_CLASS = YES_ERROR;
				CLANG_WARN_UNREACHABLE_CODE = YES;
				CLANG_WARN__DUPLICATE_METHOD_MATCH = YES;
				"CODE_SIGN_IDENTITY[sdk=iphoneos*]" = "iPhone Developer";
				COPY_PHASE_STRIP = NO;
				DEBUG_INFORMATION_FORMAT = "dwarf-with-dsym";
				ENABLE_NS_ASSERTIONS = NO;
				ENABLE_STRICT_OBJC_MSGSEND = YES;
				GCC_C_LANGUAGE_STANDARD = gnu99;
				GCC_NO_COMMON_BLOCKS = YES;
				GCC_WARN_64_TO_32_BIT_CONVERSION = YES;
				GCC_WARN_ABOUT_RETURN_TYPE = YES_ERROR;
				GCC_WARN_UNDECLARED_SELECTOR = YES;
				GCC_WARN_UNINITIALIZED_AUTOS = YES_AGGRESSIVE;
				GCC_WARN_UNUSED_FUNCTION = YES;
				GCC_WARN_UNUSED_VARIABLE = YES;
				IPHONEOS_DEPLOYMENT_TARGET = 9.0;
				MTL_ENABLE_DEBUG_INFO = NO;
				SDKROOT = iphoneos;
				TARGETED_DEVICE_FAMILY = "1,2";
				VALIDATE_PRODUCT = YES;
			};
			name = Release;
		};
		629669B31BD7F21E00CF89FB /* Debug */ = {
			isa = XCBuildConfiguration;
			buildSettings = {
				ASSETCATALOG_COMPILER_APPICON_NAME = AppIcon;
				INFOPLIST_FILE = UIScrollViewAutoLayoutDemo/Info.plist;
				LD_RUNPATH_SEARCH_PATHS = "$(inherited) @executable_path/Frameworks";
				PRODUCT_BUNDLE_IDENTIFIER = com.kingiol.UIScrollViewAutoLayoutDemo;
				PRODUCT_NAME = "$(TARGET_NAME)";
			};
			name = Debug;
		};
		629669B41BD7F21E00CF89FB /* Release */ = {
			isa = XCBuildConfiguration;
			buildSettings = {
				ASSETCATALOG_COMPILER_APPICON_NAME = AppIcon;
				INFOPLIST_FILE = UIScrollViewAutoLayoutDemo/Info.plist;
				LD_RUNPATH_SEARCH_PATHS = "$(inherited) @executable_path/Frameworks";
				PRODUCT_BUNDLE_IDENTIFIER = com.kingiol.UIScrollViewAutoLayoutDemo;
				PRODUCT_NAME = "$(TARGET_NAME)";
			};
			name = Release;
		};
/* End XCBuildConfiguration section */

/* Begin XCConfigurationList section */
		6296699B1BD7F21D00CF89FB /* Build configuration list for PBXProject "UIScrollViewAutoLayoutDemo" */ = {
			isa = XCConfigurationList;
			buildConfigurations = (
				629669B01BD7F21E00CF89FB /* Debug */,
				629669B11BD7F21E00CF89FB /* Release */,
			);
			defaultConfigurationIsVisible = 0;
			defaultConfigurationName = Release;
		};
		629669B21BD7F21E00CF89FB /* Build configuration list for PBXNativeTarget "UIScrollViewAutoLayoutDemo" */ = {
			isa = XCConfigurationList;
			buildConfigurations = (
				629669B31BD7F21E00CF89FB /* Debug */,
				629669B41BD7F21E00CF89FB /* Release */,
			);
			defaultConfigurationIsVisible = 0;
		};
/* End XCConfigurationList section */
	};
	rootObject = 629669981BD7F21D00CF89FB /* Project object */;
}
